
Microsoft Visual Studio Solution File, Format Version 12.00
# Visual Studio Version 17
VisualStudioVersion = 17.14.36109.1 d17.14
MinimumVisualStudioVersion = 10.0.40219.1
Project("{FAE04EC0-301F-11D3-BF4B-00C04F79EFBC}") = "UMS2026", "UMS2026\UMS2026.csproj", "{A3663627-2710-48CA-B6A2-6FF56DBAAD7C}"
EndProject
Global
	GlobalSection(SolutionConfigurationPlatforms) = preSolution
		Debug|Any CPU = Debug|Any CPU
		Release|Any CPU = Release|Any CPU
	EndGlobalSection
	GlobalSection(ProjectConfigurationPlatforms) = postSolution
		{A3663627-2710-48CA-B6A2-6FF56DBAAD7C}.Debug|Any CPU.ActiveCfg = Debug|Any CPU
		{A3663627-2710-48CA-B6A2-6FF56DBAAD7C}.Debug|Any CPU.Build.0 = Debug|Any CPU
		{A3663627-2710-48CA-B6A2-6FF56DBAAD7C}.Release|Any CPU.ActiveCfg = Release|Any CPU
		{A3663627-2710-48CA-B6A2-6FF56DBAAD7C}.Release|Any CPU.Build.0 = Release|Any CPU
	EndGlobalSection
	GlobalSection(SolutionProperties) = preSolution
		HideSolutionNode = FALSE
	EndGlobalSection
	GlobalSection(ExtensibilityGlobals) = postSolution
		SolutionGuid = {291F9192-F9F6-4D3E-B44D-955A3B542376}
	EndGlobalSection
EndGlobal
